[[package]]
name = "isodate"
version = "0.6.1"
description = "An ISO 8601 date/time/duration parser and formatter"
category = "main"
optional = false
python-versions = "*"

[package.dependencies]
six = "*"

[[package]]
name = "owlready2"
version = "0.39"
description = "A package for ontology-oriented programming in Python: load OWL 2.0 ontologies as Python objects, modify them, save them, and perform reasoning via HermiT. Includes an optimized RDF quadstore."
category = "main"
optional = false
python-versions = ">=3.6"

[[package]]
name = "pyparsing"
version = "3.0.9"
description = "pyparsing module - Classes and methods to define and execute parsing grammars"
category = "main"
optional = false
python-versions = ">=3.6.8"

[package.extras]
diagrams = ["railroad-diagrams", "jinja2"]

[[package]]
name = "rdflib"
version = "6.2.0"
description = "RDFLib is a Python library for working with RDF, a simple yet powerful language for representing information."
category = "main"
optional = false
python-versions = ">=3.7"

[package.dependencies]
isodate = "*"
pyparsing = "*"

[package.extras]
berkeleydb = ["berkeleydb"]
dev = ["black (==22.6.0)", "flake8", "isort", "mypy", "pep8-naming", "types-setuptools", "flakeheaven"]
docs = ["myst-parser", "sphinx (<6)", "sphinxcontrib-apidoc", "sphinxcontrib-kroki", "sphinx-autodoc-typehints"]
html = ["html5lib"]
networkx = ["networkx"]
tests = ["html5lib", "pytest", "pytest-cov"]

[[package]]
name = "six"
version = "1.16.0"
description = "Python 2 and 3 compatibility utilities"
category = "main"
optional = false
python-versions = ">=2.7, !=3.0.*, !=3.1.*, !=3.2.*"

[[package]]
name = "uri"
version = "2.0.1"
description = "A type to represent, query, and manipulate a Uniform Resource Identifier."
category = "main"
optional = false
python-versions = "*"

[package.extras]
development = ["pytest", "pytest-cov", "pytest-flakes", "pytest-isort", "pre-commit"]
http = ["requests"]

[metadata]
lock-version = "1.1"
python-versions = "^3.10"
content-hash = "9ac7b33f51c2473d5a9d8818fcc42c7bbae96dc34ab01bd5d0bcce2a86c5f375"

[metadata.files]
isodate = []
owlready2 = []
pyparsing = []
rdflib = []
six = []
uri = []
